
Microsoft Visual Studio Solution File, Format Version 12.00
# Visual Studio Version 17
VisualStudioVersion = 17.14.36414.22 d17.14
MinimumVisualStudioVersion = 10.0.40219.1
Project("{FAE04EC0-301F-11D3-BF4B-00C04F79EFBC}") = "ManagementProject", "ManagementProject\ManagementProject.csproj", "{BFA5D638-698A-470A-8B0E-72D1AF1E943E}"
EndProject
Global
	GlobalSection(SolutionConfigurationPlatforms) = preSolution
		Debug|Any CPU = Debug|Any CPU
		Release|Any CPU = Release|Any CPU
	EndGlobalSection
	GlobalSection(ProjectConfigurationPlatforms) = postSolution
		{BFA5D638-698A-470A-8B0E-72D1AF1E943E}.Debug|Any CPU.ActiveCfg = Debug|Any CPU
		{BFA5D638-698A-470A-8B0E-72D1AF1E943E}.Debug|Any CPU.Build.0 = Debug|Any CPU
		{BFA5D638-698A-470A-8B0E-72D1AF1E943E}.Release|Any CPU.ActiveCfg = Release|Any CPU
		{BFA5D638-698A-470A-8B0E-72D1AF1E943E}.Release|Any CPU.Build.0 = Release|Any CPU
	EndGlobalSection
	GlobalSection(SolutionProperties) = preSolution
		HideSolutionNode = FALSE
	EndGlobalSection
	GlobalSection(ExtensibilityGlobals) = postSolution
		SolutionGuid = {709AE315-7EB2-42A5-B2F5-6F48864C390A}
	EndGlobalSection
EndGlobal
