
Microsoft Visual Studio Solution File, Format Version 12.00
# Visual Studio Version 17
VisualStudioVersion = 17.14.36414.22 d17.14
MinimumVisualStudioVersion = 10.0.40219.1
Project("{FAE04EC0-301F-11D3-BF4B-00C04F79EFBC}") = "ProjectTEsting", "ProjectTEsting\ProjectTEsting.csproj", "{8018F773-45E1-48DB-BFD4-757284D861A2}"
EndProject
Global
	GlobalSection(SolutionConfigurationPlatforms) = preSolution
		Debug|Any CPU = Debug|Any CPU
		Release|Any CPU = Release|Any CPU
	EndGlobalSection
	GlobalSection(ProjectConfigurationPlatforms) = postSolution
		{8018F773-45E1-48DB-BFD4-757284D861A2}.Debug|Any CPU.ActiveCfg = Debug|Any CPU
		{8018F773-45E1-48DB-BFD4-757284D861A2}.Debug|Any CPU.Build.0 = Debug|Any CPU
		{8018F773-45E1-48DB-BFD4-757284D861A2}.Release|Any CPU.ActiveCfg = Release|Any CPU
		{8018F773-45E1-48DB-BFD4-757284D861A2}.Release|Any CPU.Build.0 = Release|Any CPU
	EndGlobalSection
	GlobalSection(SolutionProperties) = preSolution
		HideSolutionNode = FALSE
	EndGlobalSection
	GlobalSection(ExtensibilityGlobals) = postSolution
		SolutionGuid = {66B961CB-9400-4E0E-BA07-E750760BDFB3}
	EndGlobalSection
EndGlobal
