
Microsoft Visual Studio Solution File, Format Version 12.00
# Visual Studio Version 17
VisualStudioVersion = 17.14.36414.22 d17.14
MinimumVisualStudioVersion = 10.0.40219.1
Project("{FAE04EC0-301F-11D3-BF4B-00C04F79EFBC}") = "Diagnostic", "Diagnostic\Diagnostic.csproj", "{ECC07C79-1CF2-47D0-85F6-3F6AAE063702}"
EndProject
Global
	GlobalSection(SolutionConfigurationPlatforms) = preSolution
		Debug|Any CPU = Debug|Any CPU
		Release|Any CPU = Release|Any CPU
	EndGlobalSection
	GlobalSection(ProjectConfigurationPlatforms) = postSolution
		{ECC07C79-1CF2-47D0-85F6-3F6AAE063702}.Debug|Any CPU.ActiveCfg = Debug|Any CPU
		{ECC07C79-1CF2-47D0-85F6-3F6AAE063702}.Debug|Any CPU.Build.0 = Debug|Any CPU
		{ECC07C79-1CF2-47D0-85F6-3F6AAE063702}.Release|Any CPU.ActiveCfg = Release|Any CPU
		{ECC07C79-1CF2-47D0-85F6-3F6AAE063702}.Release|Any CPU.Build.0 = Release|Any CPU
	EndGlobalSection
	GlobalSection(SolutionProperties) = preSolution
		HideSolutionNode = FALSE
	EndGlobalSection
	GlobalSection(ExtensibilityGlobals) = postSolution
		SolutionGuid = {969A4AE9-B676-4181-97A8-B37ED630F1C0}
	EndGlobalSection
EndGlobal
