
Microsoft Visual Studio Solution File, Format Version 12.00
# Visual Studio Version 17
VisualStudioVersion = 17.13.35825.156 d17.13
MinimumVisualStudioVersion = 10.0.40219.1
Project("{FAE04EC0-301F-11D3-BF4B-00C04F79EFBC}") = "Invetory Management System", "Invetory Management System\Invetory Management System.csproj", "{570B87B5-A891-4E17-A73B-40159FBBBFEE}"
EndProject
Global
	GlobalSection(SolutionConfigurationPlatforms) = preSolution
		Debug|Any CPU = Debug|Any CPU
		Release|Any CPU = Release|Any CPU
	EndGlobalSection
	GlobalSection(ProjectConfigurationPlatforms) = postSolution
		{570B87B5-A891-4E17-A73B-40159FBBBFEE}.Debug|Any CPU.ActiveCfg = Debug|Any CPU
		{570B87B5-A891-4E17-A73B-40159FBBBFEE}.Debug|Any CPU.Build.0 = Debug|Any CPU
		{570B87B5-A891-4E17-A73B-40159FBBBFEE}.Release|Any CPU.ActiveCfg = Release|Any CPU
		{570B87B5-A891-4E17-A73B-40159FBBBFEE}.Release|Any CPU.Build.0 = Release|Any CPU
	EndGlobalSection
	GlobalSection(SolutionProperties) = preSolution
		HideSolutionNode = FALSE
	EndGlobalSection
	GlobalSection(ExtensibilityGlobals) = postSolution
		SolutionGuid = {2EE1EA61-5FA6-4442-93A9-26204001EA72}
	EndGlobalSection
EndGlobal
