
Microsoft Visual Studio Solution File, Format Version 12.00
# Visual Studio Version 17
VisualStudioVersion = 17.14.36414.22 d17.14
MinimumVisualStudioVersion = 10.0.40219.1
Project("{FAE04EC0-301F-11D3-BF4B-00C04F79EFBC}") = "ProjectTest2", "ProjectTest2\ProjectTest2.csproj", "{21E468F7-6F3E-444A-A762-75BED31C5C10}"
EndProject
Global
	GlobalSection(SolutionConfigurationPlatforms) = preSolution
		Debug|Any CPU = Debug|Any CPU
		Release|Any CPU = Release|Any CPU
	EndGlobalSection
	GlobalSection(ProjectConfigurationPlatforms) = postSolution
		{21E468F7-6F3E-444A-A762-75BED31C5C10}.Debug|Any CPU.ActiveCfg = Debug|Any CPU
		{21E468F7-6F3E-444A-A762-75BED31C5C10}.Debug|Any CPU.Build.0 = Debug|Any CPU
		{21E468F7-6F3E-444A-A762-75BED31C5C10}.Release|Any CPU.ActiveCfg = Release|Any CPU
		{21E468F7-6F3E-444A-A762-75BED31C5C10}.Release|Any CPU.Build.0 = Release|Any CPU
	EndGlobalSection
	GlobalSection(SolutionProperties) = preSolution
		HideSolutionNode = FALSE
	EndGlobalSection
	GlobalSection(ExtensibilityGlobals) = postSolution
		SolutionGuid = {2F600FC4-FC73-41ED-B258-F7C4268F2D73}
	EndGlobalSection
EndGlobal
